
Microsoft Visual Studio Solution File, Format Version 12.00
# Visual Studio Version 16
VisualStudioVersion = 16.0.29020.237
MinimumVisualStudioVersion = 10.0.40219.1
Project("{FAE04EC0-301F-11D3-BF4B-00C04F79EFBC}") = "BlackJack_4.0", "BlackJack_4.0.csproj", "{A0727E45-30CF-48B7-98F3-510EBC0AD7EF}"
EndProject
Global
	GlobalSection(SolutionConfigurationPlatforms) = preSolution
		Debug|Any CPU = Debug|Any CPU
		Release|Any CPU = Release|Any CPU
	EndGlobalSection
	GlobalSection(ProjectConfigurationPlatforms) = postSolution
		{A0727E45-30CF-48B7-98F3-510EBC0AD7EF}.Debug|Any CPU.ActiveCfg = Debug|Any CPU
		{A0727E45-30CF-48B7-98F3-510EBC0AD7EF}.Debug|Any CPU.Build.0 = Debug|Any CPU
		{A0727E45-30CF-48B7-98F3-510EBC0AD7EF}.Release|Any CPU.ActiveCfg = Release|Any CPU
		{A0727E45-30CF-48B7-98F3-510EBC0AD7EF}.Release|Any CPU.Build.0 = Release|Any CPU
	EndGlobalSection
	GlobalSection(SolutionProperties) = preSolution
		HideSolutionNode = FALSE
	EndGlobalSection
	GlobalSection(ExtensibilityGlobals) = postSolution
		SolutionGuid = {4FCA435F-F120-4B96-9FB6-ED88A2564182}
	EndGlobalSection
EndGlobal
